
Microsoft Visual Studio Solution File, Format Version 12.00
Project("{FAE04EC0-301F-11D3-BF4B-00C04F79EFBC}") = "MvcMovie", "MvcMovie\MvcMovie.csproj", "{565A623F-F99E-4E63-B88A-6B730E76AC4A}"
EndProject
Global
	GlobalSection(SolutionConfigurationPlatforms) = preSolution
		Debug|Any CPU = Debug|Any CPU
		Release|Any CPU = Release|Any CPU
	EndGlobalSection
	GlobalSection(ProjectConfigurationPlatforms) = postSolution
		{565A623F-F99E-4E63-B88A-6B730E76AC4A}.Debug|Any CPU.ActiveCfg = Debug|Any CPU
		{565A623F-F99E-4E63-B88A-6B730E76AC4A}.Debug|Any CPU.Build.0 = Debug|Any CPU
		{565A623F-F99E-4E63-B88A-6B730E76AC4A}.Release|Any CPU.ActiveCfg = Release|Any CPU
		{565A623F-F99E-4E63-B88A-6B730E76AC4A}.Release|Any CPU.Build.0 = Release|Any CPU
	EndGlobalSection
EndGlobal
